
Microsoft Visual Studio Solution File, Format Version 12.00
# Visual Studio Version 16
VisualStudioVersion = 16.0.29025.244
MinimumVisualStudioVersion = 10.0.40219.1
Project("{FAE04EC0-301F-11D3-BF4B-00C04F79EFBC}") = "Lesson_Gosha", "Lesson_Gosha\Lesson_Gosha.csproj", "{145F54EF-2C88-4EA8-B602-E88984E64E9D}"
EndProject
Global
	GlobalSection(SolutionConfigurationPlatforms) = preSolution
		Debug|Any CPU = Debug|Any CPU
		Release|Any CPU = Release|Any CPU
	EndGlobalSection
	GlobalSection(ProjectConfigurationPlatforms) = postSolution
		{145F54EF-2C88-4EA8-B602-E88984E64E9D}.Debug|Any CPU.ActiveCfg = Debug|Any CPU
		{145F54EF-2C88-4EA8-B602-E88984E64E9D}.Debug|Any CPU.Build.0 = Debug|Any CPU
		{145F54EF-2C88-4EA8-B602-E88984E64E9D}.Release|Any CPU.ActiveCfg = Release|Any CPU
		{145F54EF-2C88-4EA8-B602-E88984E64E9D}.Release|Any CPU.Build.0 = Release|Any CPU
	EndGlobalSection
	GlobalSection(SolutionProperties) = preSolution
		HideSolutionNode = FALSE
	EndGlobalSection
	GlobalSection(ExtensibilityGlobals) = postSolution
		SolutionGuid = {D053BEBC-3E9B-4A56-9652-4E5E71E4451B}
	EndGlobalSection
EndGlobal
