
Microsoft Visual Studio Solution File, Format Version 12.00
# Visual Studio Version 16
VisualStudioVersion = 16.0.29009.5
MinimumVisualStudioVersion = 10.0.40219.1
Project("{FAE04EC0-301F-11D3-BF4B-00C04F79EFBC}") = "Lesson02", "Lesson02\Lesson02.csproj", "{692308C5-142D-413B-9EF7-D37DEF8774A4}"
EndProject
Global
	GlobalSection(SolutionConfigurationPlatforms) = preSolution
		Debug|Any CPU = Debug|Any CPU
		Release|Any CPU = Release|Any CPU
	EndGlobalSection
	GlobalSection(ProjectConfigurationPlatforms) = postSolution
		{692308C5-142D-413B-9EF7-D37DEF8774A4}.Debug|Any CPU.ActiveCfg = Debug|Any CPU
		{692308C5-142D-413B-9EF7-D37DEF8774A4}.Debug|Any CPU.Build.0 = Debug|Any CPU
		{692308C5-142D-413B-9EF7-D37DEF8774A4}.Release|Any CPU.ActiveCfg = Release|Any CPU
		{692308C5-142D-413B-9EF7-D37DEF8774A4}.Release|Any CPU.Build.0 = Release|Any CPU
	EndGlobalSection
	GlobalSection(SolutionProperties) = preSolution
		HideSolutionNode = FALSE
	EndGlobalSection
	GlobalSection(ExtensibilityGlobals) = postSolution
		SolutionGuid = {8144BE1E-12EE-4B1F-ACE8-C3D00E6B4F60}
	EndGlobalSection
EndGlobal
