
Microsoft Visual Studio Solution File, Format Version 12.00
# Visual Studio Version 16
VisualStudioVersion = 16.0.29025.244
MinimumVisualStudioVersion = 10.0.40219.1
Project("{FAE04EC0-301F-11D3-BF4B-00C04F79EFBC}") = "Lesson_video", "Lesson_video\Lesson_video.csproj", "{7125793D-297F-4484-BDD2-59E5063160D9}"
EndProject
Global
	GlobalSection(SolutionConfigurationPlatforms) = preSolution
		Debug|Any CPU = Debug|Any CPU
		Release|Any CPU = Release|Any CPU
	EndGlobalSection
	GlobalSection(ProjectConfigurationPlatforms) = postSolution
		{7125793D-297F-4484-BDD2-59E5063160D9}.Debug|Any CPU.ActiveCfg = Debug|Any CPU
		{7125793D-297F-4484-BDD2-59E5063160D9}.Debug|Any CPU.Build.0 = Debug|Any CPU
		{7125793D-297F-4484-BDD2-59E5063160D9}.Release|Any CPU.ActiveCfg = Release|Any CPU
		{7125793D-297F-4484-BDD2-59E5063160D9}.Release|Any CPU.Build.0 = Release|Any CPU
	EndGlobalSection
	GlobalSection(SolutionProperties) = preSolution
		HideSolutionNode = FALSE
	EndGlobalSection
	GlobalSection(ExtensibilityGlobals) = postSolution
		SolutionGuid = {5162E996-0CFD-4C1A-A344-9073EA9E0868}
	EndGlobalSection
EndGlobal
